
Microsoft Visual Studio Solution File, Format Version 12.00
# Visual Studio Version 16
VisualStudioVersion = 16.0.30711.63
MinimumVisualStudioVersion = 10.0.40219.1
Project("{9A19103F-16F7-4668-BE54-9A1E7A4F7556}") = "BillPayment", "BillPayment.csproj", "{15A793E2-F506-4972-92AC-C08ED6FA66FD}"
EndProject
Project("{FAE04EC0-301F-11D3-BF4B-00C04F79EFBC}") = "BillPaymentTest", "..\BillPaymentTest\BillPaymentTest.csproj", "{C46D1F26-7997-4FA8-94AE-46ED82344EC2}"
EndProject
Global
	GlobalSection(SolutionConfigurationPlatforms) = preSolution
		Debug|Any CPU = Debug|Any CPU
		Release|Any CPU = Release|Any CPU
	EndGlobalSection
	GlobalSection(ProjectConfigurationPlatforms) = postSolution
		{15A793E2-F506-4972-92AC-C08ED6FA66FD}.Debug|Any CPU.ActiveCfg = Debug|Any CPU
		{15A793E2-F506-4972-92AC-C08ED6FA66FD}.Debug|Any CPU.Build.0 = Debug|Any CPU
		{15A793E2-F506-4972-92AC-C08ED6FA66FD}.Release|Any CPU.ActiveCfg = Release|Any CPU
		{15A793E2-F506-4972-92AC-C08ED6FA66FD}.Release|Any CPU.Build.0 = Release|Any CPU
		{C46D1F26-7997-4FA8-94AE-46ED82344EC2}.Debug|Any CPU.ActiveCfg = Debug|Any CPU
		{C46D1F26-7997-4FA8-94AE-46ED82344EC2}.Debug|Any CPU.Build.0 = Debug|Any CPU
		{C46D1F26-7997-4FA8-94AE-46ED82344EC2}.Release|Any CPU.ActiveCfg = Release|Any CPU
		{C46D1F26-7997-4FA8-94AE-46ED82344EC2}.Release|Any CPU.Build.0 = Release|Any CPU
	EndGlobalSection
	GlobalSection(SolutionProperties) = preSolution
		HideSolutionNode = FALSE
	EndGlobalSection
	GlobalSection(ExtensibilityGlobals) = postSolution
		SolutionGuid = {6BE71431-3038-48B9-8FF7-4087393CA4AF}
	EndGlobalSection
EndGlobal
